// !$*UTF8*$!
{
	archiveVersion = 1;
	classes = {
	};
	objectVersion = 46;
	objects = {

/* Begin PBXBuildFile section */
		2B31FF181F06038700F135DA /* Raleway-Bold.ttf in Resources */ = {isa = PBXBuildFile; fileRef = 2B31FF141F06038700F135DA /* Raleway-Bold.ttf */; };
		2B31FF191F06038700F135DA /* Raleway-Light.ttf in Resources */ = {isa = PBXBuildFile; fileRef = 2B31FF151F06038700F135DA /* Raleway-Light.ttf */; };
		2B31FF1A1F06038700F135DA /* Raleway-Regular.ttf in Resources */ = {isa = PBXBuildFile; fileRef = 2B31FF161F06038700F135DA /* Raleway-Regular.ttf */; };
		2B31FF1B1F06038700F135DA /* Raleway-Thin.ttf in Resources */ = {isa = PBXBuildFile; fileRef = 2B31FF171F06038700F135DA /* Raleway-Thin.ttf */; };
		2B31FF1F1F06104600F135DA /* RoundedImage.swift in Sources */ = {isa = PBXBuildFile; fileRef = 2B31FF1E1F06104600F135DA /* RoundedImage.swift */; };
		2B89F9181F04800800332107 /* AppDelegate.swift in Sources */ = {isa = PBXBuildFile; fileRef = 2B89F9171F04800800332107 /* AppDelegate.swift */; };
		2B89F91A1F04800800332107 /* WeatherVC.swift in Sources */ = {isa = PBXBuildFile; fileRef = 2B89F9191F04800800332107 /* WeatherVC.swift */; };
		2B89F91D1F04800800332107 /* Main.storyboard in Resources */ = {isa = PBXBuildFile; fileRef = 2B89F91B1F04800800332107 /* Main.storyboard */; };
		2B89F9221F04800800332107 /* LaunchScreen.storyboard in Resources */ = {isa = PBXBuildFile; fileRef = 2B89F9201F04800800332107 /* LaunchScreen.storyboard */; };
		2B9036411F09878400367219 /* Forecast.swift in Sources */ = {isa = PBXBuildFile; fileRef = 2B9036401F09878400367219 /* Forecast.swift */; };
		2B9036431F09A6CE00367219 /* WeatherCell.swift in Sources */ = {isa = PBXBuildFile; fileRef = 2B9036421F09A6CE00367219 /* WeatherCell.swift */; };
		2B9036451F09B57400367219 /* Assets.xcassets in Resources */ = {isa = PBXBuildFile; fileRef = 2B9036441F09B57400367219 /* Assets.xcassets */; };
		2B9036471F09E90F00367219 /* Location.swift in Sources */ = {isa = PBXBuildFile; fileRef = 2B9036461F09E90F00367219 /* Location.swift */; };
		2BA6149E1F080010009AAEC1 /* fontawesome-webfont.ttf in Resources */ = {isa = PBXBuildFile; fileRef = 2BA6149D1F080010009AAEC1 /* fontawesome-webfont.ttf */; };
		2BA614A51F082913009AAEC1 /* Constants.swift in Sources */ = {isa = PBXBuildFile; fileRef = 2BA614A41F082913009AAEC1 /* Constants.swift */; };
		2BA614A71F0832A1009AAEC1 /* CurrentWeather.swift in Sources */ = {isa = PBXBuildFile; fileRef = 2BA614A61F0832A1009AAEC1 /* CurrentWeather.swift */; };
		F662A9177EC6DB59EB7CEDCD /* Pods_RainyShine.framework in Frameworks */ = {isa = PBXBuildFile; fileRef = 3107FC76777F3936C7E94C18 /* Pods_RainyShine.framework */; };
/* End PBXBuildFile section */

/* Begin PBXFileReference section */
		2B31FF141F06038700F135DA /* Raleway-Bold.ttf */ = {isa = PBXFileReference; lastKnownFileType = file; path = "Raleway-Bold.ttf"; sourceTree = "<group>"; };
		2B31FF151F06038700F135DA /* Raleway-Light.ttf */ = {isa = PBXFileReference; lastKnownFileType = file; path = "Raleway-Light.ttf"; sourceTree = "<group>"; };
		2B31FF161F06038700F135DA /* Raleway-Regular.ttf */ = {isa = PBXFileReference; lastKnownFileType = file; path = "Raleway-Regular.ttf"; sourceTree = "<group>"; };
		2B31FF171F06038700F135DA /* Raleway-Thin.ttf */ = {isa = PBXFileReference; lastKnownFileType = file; path = "Raleway-Thin.ttf"; sourceTree = "<group>"; };
		2B31FF1E1F06104600F135DA /* RoundedImage.swift */ = {isa = PBXFileReference; fileEncoding = 4; lastKnownFileType = sourcecode.swift; path = RoundedImage.swift; sourceTree = "<group>"; };
		2B89F9141F04800800332107 /* RainyShine.app */ = {isa = PBXFileReference; explicitFileType = wrapper.application; includeInIndex = 0; path = RainyShine.app; sourceTree = BUILT_PRODUCTS_DIR; };
		2B89F9171F04800800332107 /* AppDelegate.swift */ = {isa = PBXFileReference; lastKnownFileType = sourcecode.swift; path = AppDelegate.swift; sourceTree = "<group>"; };
		2B89F9191F04800800332107 /* WeatherVC.swift */ = {isa = PBXFileReference; lastKnownFileType = sourcecode.swift; path = WeatherVC.swift; sourceTree = "<group>"; };
		2B89F91C1F04800800332107 /* Base */ = {isa = PBXFileReference; lastKnownFileType = file.storyboard; name = Base; path = Base.lproj/Main.storyboard; sourceTree = "<group>"; };
		2B89F9211F04800800332107 /* Base */ = {isa = PBXFileReference; lastKnownFileType = file.storyboard; name = Base; path = Base.lproj/LaunchScreen.storyboard; sourceTree = "<group>"; };
		2B89F9231F04800800332107 /* Info.plist */ = {isa = PBXFileReference; lastKnownFileType = text.plist.xml; path = Info.plist; sourceTree = "<group>"; };
		2B9036401F09878400367219 /* Forecast.swift */ = {isa = PBXFileReference; fileEncoding = 4; lastKnownFileType = sourcecode.swift; path = Forecast.swift; sourceTree = "<group>"; };
		2B9036421F09A6CE00367219 /* WeatherCell.swift */ = {isa = PBXFileReference; fileEncoding = 4; lastKnownFileType = sourcecode.swift; path = WeatherCell.swift; sourceTree = "<group>"; };
		2B9036441F09B57400367219 /* Assets.xcassets */ = {isa = PBXFileReference; lastKnownFileType = folder.assetcatalog; path = Assets.xcassets; sourceTree = "<group>"; };
		2B9036461F09E90F00367219 /* Location.swift */ = {isa = PBXFileReference; fileEncoding = 4; lastKnownFileType = sourcecode.swift; path = Location.swift; sourceTree = "<group>"; };
		2BA6149D1F080010009AAEC1 /* fontawesome-webfont.ttf */ = {isa = PBXFileReference; lastKnownFileType = file; path = "fontawesome-webfont.ttf"; sourceTree = "<group>"; };
		2BA614A41F082913009AAEC1 /* Constants.swift */ = {isa = PBXFileReference; fileEncoding = 4; lastKnownFileType = sourcecode.swift; path = Constants.swift; sourceTree = "<group>"; };
		2BA614A61F0832A1009AAEC1 /* CurrentWeather.swift */ = {isa = PBXFileReference; fileEncoding = 4; lastKnownFileType = sourcecode.swift; path = CurrentWeather.swift; sourceTree = "<group>"; };
		3107FC76777F3936C7E94C18 /* Pods_RainyShine.framework */ = {isa = PBXFileReference; explicitFileType = wrapper.framework; includeInIndex = 0; path = Pods_RainyShine.framework; sourceTree = BUILT_PRODUCTS_DIR; };
		8092FB0FB6198E78EBD7CBB0 /* Pods-RainyShine.debug.xcconfig */ = {isa = PBXFileReference; includeInIndex = 1; lastKnownFileType = text.xcconfig; name = "Pods-RainyShine.debug.xcconfig"; path = "Pods/Target Support Files/Pods-RainyShine/Pods-RainyShine.debug.xcconfig"; sourceTree = "<group>"; };
		D2339335C8171BE6281FA1B7 /* Pods-RainyShine.release.xcconfig */ = {isa = PBXFileReference; includeInIndex = 1; lastKnownFileType = text.xcconfig; name = "Pods-RainyShine.release.xcconfig"; path = "Pods/Target Support Files/Pods-RainyShine/Pods-RainyShine.release.xcconfig"; sourceTree = "<group>"; };
/* End PBXFileReference section */

/* Begin PBXFrameworksBuildPhase section */
		2B89F9111F04800800332107 /* Frameworks */ = {
			isa = PBXFrameworksBuildPhase;
			buildActionMask = 2147483647;
			files = (
				F662A9177EC6DB59EB7CEDCD /* Pods_RainyShine.framework in Frameworks */,
			);
			runOnlyForDeploymentPostprocessing = 0;
		};
/* End PBXFrameworksBuildPhase section */

/* Begin PBXGroup section */
		2B31FF131F06036C00F135DA /* Fonts */ = {
			isa = PBXGroup;
			children = (
				2BA6149D1F080010009AAEC1 /* fontawesome-webfont.ttf */,
				2B31FF141F06038700F135DA /* Raleway-Bold.ttf */,
				2B31FF151F06038700F135DA /* Raleway-Light.ttf */,
				2B31FF161F06038700F135DA /* Raleway-Regular.ttf */,
				2B31FF171F06038700F135DA /* Raleway-Thin.ttf */,
			);
			name = Fonts;
			sourceTree = "<group>";
		};
		2B31FF1C1F06102700F135DA /* Controllers */ = {
			isa = PBXGroup;
			children = (
				2B89F9191F04800800332107 /* WeatherVC.swift */,
			);
			name = Controllers;
			sourceTree = "<group>";
		};
		2B31FF1D1F06102D00F135DA /* View */ = {
			isa = PBXGroup;
			children = (
				2B31FF1E1F06104600F135DA /* RoundedImage.swift */,
			);
			name = View;
			sourceTree = "<group>";
		};
		2B89F90B1F04800800332107 = {
			isa = PBXGroup;
			children = (
				2B89F9161F04800800332107 /* RainyShine */,
				2B89F9151F04800800332107 /* Products */,
				3B69BE3DCBA8078051DE2C0E /* Pods */,
				F4EE59A60F640ED79555FEED /* Frameworks */,
			);
			sourceTree = "<group>";
		};
		2B89F9151F04800800332107 /* Products */ = {
			isa = PBXGroup;
			children = (
				2B89F9141F04800800332107 /* RainyShine.app */,
			);
			name = Products;
			sourceTree = "<group>";
		};
		2B89F9161F04800800332107 /* RainyShine */ = {
			isa = PBXGroup;
			children = (
				2BA614A31F0828F6009AAEC1 /* Model */,
				2B31FF1D1F06102D00F135DA /* View */,
				2B31FF1C1F06102700F135DA /* Controllers */,
				2B31FF131F06036C00F135DA /* Fonts */,
				2B89F9171F04800800332107 /* AppDelegate.swift */,
				2B89F91B1F04800800332107 /* Main.storyboard */,
				2B89F9201F04800800332107 /* LaunchScreen.storyboard */,
				2B89F9231F04800800332107 /* Info.plist */,
				2B9036441F09B57400367219 /* Assets.xcassets */,
			);
			path = RainyShine;
			sourceTree = "<group>";
		};
		2BA614A31F0828F6009AAEC1 /* Model */ = {
			isa = PBXGroup;
			children = (
				2BA614A41F082913009AAEC1 /* Constants.swift */,
				2BA614A61F0832A1009AAEC1 /* CurrentWeather.swift */,
				2B9036401F09878400367219 /* Forecast.swift */,
				2B9036421F09A6CE00367219 /* WeatherCell.swift */,
				2B9036461F09E90F00367219 /* Location.swift */,
			);
			name = Model;
			sourceTree = "<group>";
		};
		3B69BE3DCBA8078051DE2C0E /* Pods */ = {
			isa = PBXGroup;
			children = (
				8092FB0FB6198E78EBD7CBB0 /* Pods-RainyShine.debug.xcconfig */,
				D2339335C8171BE6281FA1B7 /* Pods-RainyShine.release.xcconfig */,
			);
			name = Pods;
			sourceTree = "<group>";
		};
		F4EE59A60F640ED79555FEED /* Frameworks */ = {
			isa = PBXGroup;
			children = (
				3107FC76777F3936C7E94C18 /* Pods_RainyShine.framework */,
			);
			name = Frameworks;
			sourceTree = "<group>";
		};
/* End PBXGroup section */

/* Begin PBXNativeTarget section */
		2B89F9131F04800800332107 /* RainyShine */ = {
			isa = PBXNativeTarget;
			buildConfigurationList = 2B89F9261F04800800332107 /* Build configuration list for PBXNativeTarget "RainyShine" */;
			buildPhases = (
				3B36ABE2460CDC556C972626 /* [CP] Check Pods Manifest.lock */,
				2B89F9101F04800800332107 /* Sources */,
				2B89F9111F04800800332107 /* Frameworks */,
				2B89F9121F04800800332107 /* Resources */,
				9C4F1D8FE052FD7F5B2B20AB /* [CP] Embed Pods Frameworks */,
				3A07D1EAA1F792333668DE7C /* [CP] Copy Pods Resources */,
			);
			buildRules = (
			);
			dependencies = (
			);
			name = RainyShine;
			productName = RainyShine;
			productReference = 2B89F9141F04800800332107 /* RainyShine.app */;
			productType = "com.apple.product-type.application";
		};
/* End PBXNativeTarget section */

/* Begin PBXProject section */
		2B89F90C1F04800800332107 /* Project object */ = {
			isa = PBXProject;
			attributes = {
				LastSwiftUpdateCheck = 0830;
				LastUpgradeCheck = 0830;
				ORGANIZATIONNAME = "Gabriel Colmenares";
				TargetAttributes = {
					2B89F9131F04800800332107 = {
						CreatedOnToolsVersion = 8.3.3;
						DevelopmentTeam = 36868B6YG7;
						ProvisioningStyle = Automatic;
					};
				};
			};
			buildConfigurationList = 2B89F90F1F04800800332107 /* Build configuration list for PBXProject "RainyShine" */;
			compatibilityVersion = "Xcode 3.2";
			developmentRegion = English;
			hasScannedForEncodings = 0;
			knownRegions = (
				en,
				Base,
			);
			mainGroup = 2B89F90B1F04800800332107;
			productRefGroup = 2B89F9151F04800800332107 /* Products */;
			projectDirPath = "";
			projectRoot = "";
			targets = (
				2B89F9131F04800800332107 /* RainyShine */,
			);
		};
/* End PBXProject section */

/* Begin PBXResourcesBuildPhase section */
		2B89F9121F04800800332107 /* Resources */ = {
			isa = PBXResourcesBuildPhase;
			buildActionMask = 2147483647;
			files = (
				2B89F9221F04800800332107 /* LaunchScreen.storyboard in Resources */,
				2B31FF1A1F06038700F135DA /* Raleway-Regular.ttf in Resources */,
				2B31FF191F06038700F135DA /* Raleway-Light.ttf in Resources */,
				2B89F91D1F04800800332107 /* Main.storyboard in Resources */,
				2BA6149E1F080010009AAEC1 /* fontawesome-webfont.ttf in Resources */,
				2B31FF181F06038700F135DA /* Raleway-Bold.ttf in Resources */,
				2B9036451F09B57400367219 /* Assets.xcassets in Resources */,
				2B31FF1B1F06038700F135DA /* Raleway-Thin.ttf in Resources */,
			);
			runOnlyForDeploymentPostprocessing = 0;
		};
/* End PBXResourcesBuildPhase section */

/* Begin PBXShellScriptBuildPhase section */
		3A07D1EAA1F792333668DE7C /* [CP] Copy Pods Resources */ = {
			isa = PBXShellScriptBuildPhase;
			buildActionMask = 2147483647;
			files = (
			);
			inputPaths = (
			);
			name = "[CP] Copy Pods Resources";
			outputPaths = (
			);
			runOnlyForDeploymentPostprocessing = 0;
			shellPath = /bin/sh;
			shellScript = "\"${SRCROOT}/Pods/Target Support Files/Pods-RainyShine/Pods-RainyShine-resources.sh\"\n";
			showEnvVarsInLog = 0;
		};
		3B36ABE2460CDC556C972626 /* [CP] Check Pods Manifest.lock */ = {
			isa = PBXShellScriptBuildPhase;
			buildActionMask = 2147483647;
			files = (
			);
			inputPaths = (
			);
			name = "[CP] Check Pods Manifest.lock";
			outputPaths = (
			);
			runOnlyForDeploymentPostprocessing = 0;
			shellPath = /bin/sh;
			shellScript = "diff \"${PODS_PODFILE_DIR_PATH}/Podfile.lock\" \"${PODS_ROOT}/Manifest.lock\" > /dev/null\nif [ $? != 0 ] ; then\n    # print error to STDERR\n    echo \"error: The sandbox is not in sync with the Podfile.lock. Run 'pod install' or update your CocoaPods installation.\" >&2\n    exit 1\nfi\n";
			showEnvVarsInLog = 0;
		};
		9C4F1D8FE052FD7F5B2B20AB /* [CP] Embed Pods Frameworks */ = {
			isa = PBXShellScriptBuildPhase;
			buildActionMask = 2147483647;
			files = (
			);
			inputPaths = (
			);
			name = "[CP] Embed Pods Frameworks";
			outputPaths = (
			);
			runOnlyForDeploymentPostprocessing = 0;
			shellPath = /bin/sh;
			shellScript = "\"${SRCROOT}/Pods/Target Support Files/Pods-RainyShine/Pods-RainyShine-frameworks.sh\"\n";
			showEnvVarsInLog = 0;
		};
/* End PBXShellScriptBuildPhase section */

/* Begin PBXSourcesBuildPhase section */
		2B89F9101F04800800332107 /* Sources */ = {
			isa = PBXSourcesBuildPhase;
			buildActionMask = 2147483647;
			files = (
				2B31FF1F1F06104600F135DA /* RoundedImage.swift in Sources */,
				2BA614A71F0832A1009AAEC1 /* CurrentWeather.swift in Sources */,
				2B9036471F09E90F00367219 /* Location.swift in Sources */,
				2B89F91A1F04800800332107 /* WeatherVC.swift in Sources */,
				2B89F9181F04800800332107 /* AppDelegate.swift in Sources */,
				2B9036411F09878400367219 /* Forecast.swift in Sources */,
				2BA614A51F082913009AAEC1 /* Constants.swift in Sources */,
				2B9036431F09A6CE00367219 /* WeatherCell.swift in Sources */,
			);
			runOnlyForDeploymentPostprocessing = 0;
		};
/* End PBXSourcesBuildPhase section */

/* Begin PBXVariantGroup section */
		2B89F91B1F04800800332107 /* Main.storyboard */ = {
			isa = PBXVariantGroup;
			children = (
				2B89F91C1F04800800332107 /* Base */,
			);
			name = Main.storyboard;
			sourceTree = "<group>";
		};
		2B89F9201F04800800332107 /* LaunchScreen.storyboard */ = {
			isa = PBXVariantGroup;
			children = (
				2B89F9211F04800800332107 /* Base */,
			);
			name = LaunchScreen.storyboard;
			sourceTree = "<group>";
		};
/* End PBXVariantGroup section */

/* Begin XCBuildConfiguration section */
		2B89F9241F04800800332107 /* Debug */ = {
			isa = XCBuildConfiguration;
			buildSettings = {
				ALWAYS_SEARCH_USER_PATHS = NO;
				CLANG_ANALYZER_NONNULL = YES;
				CLANG_ANALYZER_NUMBER_OBJECT_CONVERSION = YES_AGGRESSIVE;
				CLANG_CXX_LANGUAGE_STANDARD = "gnu++0x";
				CLANG_CXX_LIBRARY = "libc++";
				CLANG_ENABLE_MODULES = YES;
				CLANG_ENABLE_OBJC_ARC = YES;
				CLANG_WARN_BOOL_CONVERSION = YES;
				CLANG_WARN_CONSTANT_CONVERSION = YES;
				CLANG_WARN_DIRECT_OBJC_ISA_USAGE = YES_ERROR;
				CLANG_WARN_DOCUMENTATION_COMMENTS = YES;
				CLANG_WARN_EMPTY_BODY = YES;
				CLANG_WARN_ENUM_CONVERSION = YES;
				CLANG_WARN_INFINITE_RECURSION = YES;
				CLANG_WARN_INT_CONVERSION = YES;
				CLANG_WARN_OBJC_ROOT_CLASS = YES_ERROR;
				CLANG_WARN_SUSPICIOUS_MOVE = YES;
				CLANG_WARN_UNREACHABLE_CODE = YES;
				CLANG_WARN__DUPLICATE_METHOD_MATCH = YES;
				"CODE_SIGN_IDENTITY[sdk=iphoneos*]" = "iPhone Developer";
				COPY_PHASE_STRIP = NO;
				DEBUG_INFORMATION_FORMAT = dwarf;
				ENABLE_STRICT_OBJC_MSGSEND = YES;
				ENABLE_TESTABILITY = YES;
				GCC_C_LANGUAGE_STANDARD = gnu99;
				GCC_DYNAMIC_NO_PIC = NO;
				GCC_NO_COMMON_BLOCKS = YES;
				GCC_OPTIMIZATION_LEVEL = 0;
				GCC_PREPROCESSOR_DEFINITIONS = (
					"DEBUG=1",
					"$(inherited)",
				);
				GCC_WARN_64_TO_32_BIT_CONVERSION = YES;
				GCC_WARN_ABOUT_RETURN_TYPE = YES_ERROR;
				GCC_WARN_UNDECLARED_SELECTOR = YES;
				GCC_WARN_UNINITIALIZED_AUTOS = YES_AGGRESSIVE;
				GCC_WARN_UNUSED_FUNCTION = YES;
				GCC_WARN_UNUSED_VARIABLE = YES;
				IPHONEOS_DEPLOYMENT_TARGET = 10.3;
				MTL_ENABLE_DEBUG_INFO = YES;
				ONLY_ACTIVE_ARCH = YES;
				SDKROOT = iphoneos;
				SWIFT_ACTIVE_COMPILATION_CONDITIONS = DEBUG;
				SWIFT_OPTIMIZATION_LEVEL = "-Onone";
				TARGETED_DEVICE_FAMILY = "1,2";
			};
			name = Debug;
		};
		2B89F9251F04800800332107 /* Release */ = {
			isa = XCBuildConfiguration;
			buildSettings = {
				ALWAYS_SEARCH_USER_PATHS = NO;
				CLANG_ANALYZER_NONNULL = YES;
				CLANG_ANALYZER_NUMBER_OBJECT_CONVERSION = YES_AGGRESSIVE;
				CLANG_CXX_LANGUAGE_STANDARD = "gnu++0x";
				CLANG_CXX_LIBRARY = "libc++";
				CLANG_ENABLE_MODULES = YES;
				CLANG_ENABLE_OBJC_ARC = YES;
				CLANG_WARN_BOOL_CONVERSION = YES;
				CLANG_WARN_CONSTANT_CONVERSION = YES;
				CLANG_WARN_DIRECT_OBJC_ISA_USAGE = YES_ERROR;
				CLANG_WARN_DOCUMENTATION_COMMENTS = YES;
				CLANG_WARN_EMPTY_BODY = YES;
				CLANG_WARN_ENUM_CONVERSION = YES;
				CLANG_WARN_INFINITE_RECURSION = YES;
				CLANG_WARN_INT_CONVERSION = YES;
				CLANG_WARN_OBJC_ROOT_CLASS = YES_ERROR;
				CLANG_WARN_SUSPICIOUS_MOVE = YES;
				CLANG_WARN_UNREACHABLE_CODE = YES;
				CLANG_WARN__DUPLICATE_METHOD_MATCH = YES;
				"CODE_SIGN_IDENTITY[sdk=iphoneos*]" = "iPhone Developer";
				COPY_PHASE_STRIP = NO;
				DEBUG_INFORMATION_FORMAT = "dwarf-with-dsym";
				ENABLE_NS_ASSERTIONS = NO;
				ENABLE_STRICT_OBJC_MSGSEND = YES;
				GCC_C_LANGUAGE_STANDARD = gnu99;
				GCC_NO_COMMON_BLOCKS = YES;
				GCC_WARN_64_TO_32_BIT_CONVERSION = YES;
				GCC_WARN_ABOUT_RETURN_TYPE = YES_ERROR;
				GCC_WARN_UNDECLARED_SELECTOR = YES;
				GCC_WARN_UNINITIALIZED_AUTOS = YES_AGGRESSIVE;
				GCC_WARN_UNUSED_FUNCTION = YES;
				GCC_WARN_UNUSED_VARIABLE = YES;
				IPHONEOS_DEPLOYMENT_TARGET = 10.3;
				MTL_ENABLE_DEBUG_INFO = NO;
				SDKROOT = iphoneos;
				SWIFT_OPTIMIZATION_LEVEL = "-Owholemodule";
				TARGETED_DEVICE_FAMILY = "1,2";
				VALIDATE_PRODUCT = YES;
			};
			name = Release;
		};
		2B89F9271F04800800332107 /* Debug */ = {
			isa = XCBuildConfiguration;
			baseConfigurationReference = 8092FB0FB6198E78EBD7CBB0 /* Pods-RainyShine.debug.xcconfig */;
			buildSettings = {
				ASSETCATALOG_COMPILER_APPICON_NAME = AppIcon;
				DEVELOPMENT_TEAM = 36868B6YG7;
				INFOPLIST_FILE = RainyShine/Info.plist;
				LD_RUNPATH_SEARCH_PATHS = "$(inherited) @executable_path/Frameworks";
				PRODUCT_BUNDLE_IDENTIFIER = com.gabrielcolmena.RainyShine;
				PRODUCT_NAME = "$(TARGET_NAME)";
				SWIFT_VERSION = 3.0;
				TARGETED_DEVICE_FAMILY = 1;
			};
			name = Debug;
		};
		2B89F9281F04800800332107 /* Release */ = {
			isa = XCBuildConfiguration;
			baseConfigurationReference = D2339335C8171BE6281FA1B7 /* Pods-RainyShine.release.xcconfig */;
			buildSettings = {
				ASSETCATALOG_COMPILER_APPICON_NAME = AppIcon;
				DEVELOPMENT_TEAM = 36868B6YG7;
				INFOPLIST_FILE = RainyShine/Info.plist;
				LD_RUNPATH_SEARCH_PATHS = "$(inherited) @executable_path/Frameworks";
				PRODUCT_BUNDLE_IDENTIFIER = com.gabrielcolmena.RainyShine;
				PRODUCT_NAME = "$(TARGET_NAME)";
				SWIFT_VERSION = 3.0;
				TARGETED_DEVICE_FAMILY = 1;
			};
			name = Release;
		};
/* End XCBuildConfiguration section */

/* Begin XCConfigurationList section */
		2B89F90F1F04800800332107 /* Build configuration list for PBXProject "RainyShine" */ = {
			isa = XCConfigurationList;
			buildConfigurations = (
				2B89F9241F04800800332107 /* Debug */,
				2B89F9251F04800800332107 /* Release */,
			);
			defaultConfigurationIsVisible = 0;
			defaultConfigurationName = Release;
		};
		2B89F9261F04800800332107 /* Build configuration list for PBXNativeTarget "RainyShine" */ = {
			isa = XCConfigurationList;
			buildConfigurations = (
				2B89F9271F04800800332107 /* Debug */,
				2B89F9281F04800800332107 /* Release */,
			);
			defaultConfigurationIsVisible = 0;
			defaultConfigurationName = Release;
		};
/* End XCConfigurationList section */
	};
	rootObject = 2B89F90C1F04800800332107 /* Project object */;
}
